// !$*UTF8*$!
{
	archiveVersion = 1;
	classes = {
	};
	objectVersion = 46;
	objects = {

/* Begin PBXBuildFile section */
		DED1DD2F1AB0ABE8002FD433 /* AppDelegate.swift in Sources */ = {isa = PBXBuildFile; fileRef = DED1DD2E1AB0ABE8002FD433 /* AppDelegate.swift */; };
		DED1DD311AB0ABE8002FD433 /* ViewController.swift in Sources */ = {isa = PBXBuildFile; fileRef = DED1DD301AB0ABE8002FD433 /* ViewController.swift */; };
		DED1DD341AB0ABE8002FD433 /* Main.storyboard in Resources */ = {isa = PBXBuildFile; fileRef = DED1DD321AB0ABE8002FD433 /* Main.storyboard */; };
		DED1DD361AB0ABE8002FD433 /* Images.xcassets in Resources */ = {isa = PBXBuildFile; fileRef = DED1DD351AB0ABE8002FD433 /* Images.xcassets */; };
		DED1DD391AB0ABE8002FD433 /* LaunchScreen.xib in Resources */ = {isa = PBXBuildFile; fileRef = DED1DD371AB0ABE8002FD433 /* LaunchScreen.xib */; };
		DED1DD451AB0ABE8002FD433 /* _9ballonsTests.swift in Sources */ = {isa = PBXBuildFile; fileRef = DED1DD441AB0ABE8002FD433 /* _9ballonsTests.swift */; };
/* End PBXBuildFile section */

/* Begin PBXContainerItemProxy section */
		DED1DD3F1AB0ABE8002FD433 /* PBXContainerItemProxy */ = {
			isa = PBXContainerItemProxy;
			containerPortal = DED1DD211AB0ABE8002FD433 /* Project object */;
			proxyType = 1;
			remoteGlobalIDString = DED1DD281AB0ABE8002FD433;
			remoteInfo = 99ballons;
		};
/* End PBXContainerItemProxy section */

/* Begin PBXFileReference section */
		DED1DD291AB0ABE8002FD433 /* 99ballons.app */ = {isa = PBXFileReference; explicitFileType = wrapper.application; includeInIndex = 0; path = 99ballons.app; sourceTree = BUILT_PRODUCTS_DIR; };
		DED1DD2D1AB0ABE8002FD433 /* Info.plist */ = {isa = PBXFileReference; lastKnownFileType = text.plist.xml; path = Info.plist; sourceTree = "<group>"; };
		DED1DD2E1AB0ABE8002FD433 /* AppDelegate.swift */ = {isa = PBXFileReference; lastKnownFileType = sourcecode.swift; path = AppDelegate.swift; sourceTree = "<group>"; };
		DED1DD301AB0ABE8002FD433 /* ViewController.swift */ = {isa = PBXFileReference; lastKnownFileType = sourcecode.swift; path = ViewController.swift; sourceTree = "<group>"; };
		DED1DD331AB0ABE8002FD433 /* Base */ = {isa = PBXFileReference; lastKnownFileType = file.storyboard; name = Base; path = Base.lproj/Main.storyboard; sourceTree = "<group>"; };
		DED1DD351AB0ABE8002FD433 /* Images.xcassets */ = {isa = PBXFileReference; lastKnownFileType = folder.assetcatalog; path = Images.xcassets; sourceTree = "<group>"; };
		DED1DD381AB0ABE8002FD433 /* Base */ = {isa = PBXFileReference; lastKnownFileType = file.xib; name = Base; path = Base.lproj/LaunchScreen.xib; sourceTree = "<group>"; };
		DED1DD3E1AB0ABE8002FD433 /* 99ballonsTests.xctest */ = {isa = PBXFileReference; explicitFileType = wrapper.cfbundle; includeInIndex = 0; path = 99ballonsTests.xctest; sourceTree = BUILT_PRODUCTS_DIR; };
		DED1DD431AB0ABE8002FD433 /* Info.plist */ = {isa = PBXFileReference; lastKnownFileType = text.plist.xml; path = Info.plist; sourceTree = "<group>"; };
		DED1DD441AB0ABE8002FD433 /* _9ballonsTests.swift */ = {isa = PBXFileReference; lastKnownFileType = sourcecode.swift; path = _9ballonsTests.swift; sourceTree = "<group>"; };
/* End PBXFileReference section */

/* Begin PBXFrameworksBuildPhase section */
		DED1DD261AB0ABE8002FD433 /* Frameworks */ = {
			isa = PBXFrameworksBuildPhase;
			buildActionMask = 2147483647;
			files = (
			);
			runOnlyForDeploymentPostprocessing = 0;
		};
		DED1DD3B1AB0ABE8002FD433 /* Frameworks */ = {
			isa = PBXFrameworksBuildPhase;
			buildActionMask = 2147483647;
			files = (
			);
			runOnlyForDeploymentPostprocessing = 0;
		};
/* End PBXFrameworksBuildPhase section */

/* Begin PBXGroup section */
		DED1DD201AB0ABE8002FD433 = {
			isa = PBXGroup;
			children = (
				DED1DD2B1AB0ABE8002FD433 /* 99ballons */,
				DED1DD411AB0ABE8002FD433 /* 99ballonsTests */,
				DED1DD2A1AB0ABE8002FD433 /* Products */,
			);
			sourceTree = "<group>";
		};
		DED1DD2A1AB0ABE8002FD433 /* Products */ = {
			isa = PBXGroup;
			children = (
				DED1DD291AB0ABE8002FD433 /* 99ballons.app */,
				DED1DD3E1AB0ABE8002FD433 /* 99ballonsTests.xctest */,
			);
			name = Products;
			sourceTree = "<group>";
		};
		DED1DD2B1AB0ABE8002FD433 /* 99ballons */ = {
			isa = PBXGroup;
			children = (
				DED1DD2E1AB0ABE8002FD433 /* AppDelegate.swift */,
				DED1DD301AB0ABE8002FD433 /* ViewController.swift */,
				DED1DD321AB0ABE8002FD433 /* Main.storyboard */,
				DED1DD351AB0ABE8002FD433 /* Images.xcassets */,
				DED1DD371AB0ABE8002FD433 /* LaunchScreen.xib */,
				DED1DD2C1AB0ABE8002FD433 /* Supporting Files */,
			);
			path = 99ballons;
			sourceTree = "<group>";
		};
		DED1DD2C1AB0ABE8002FD433 /* Supporting Files */ = {
			isa = PBXGroup;
			children = (
				DED1DD2D1AB0ABE8002FD433 /* Info.plist */,
			);
			name = "Supporting Files";
			sourceTree = "<group>";
		};
		DED1DD411AB0ABE8002FD433 /* 99ballonsTests */ = {
			isa = PBXGroup;
			children = (
				DED1DD441AB0ABE8002FD433 /* _9ballonsTests.swift */,
				DED1DD421AB0ABE8002FD433 /* Supporting Files */,
			);
			path = 99ballonsTests;
			sourceTree = "<group>";
		};
		DED1DD421AB0ABE8002FD433 /* Supporting Files */ = {
			isa = PBXGroup;
			children = (
				DED1DD431AB0ABE8002FD433 /* Info.plist */,
			);
			name = "Supporting Files";
			sourceTree = "<group>";
		};
/* End PBXGroup section */

/* Begin PBXNativeTarget section */
		DED1DD281AB0ABE8002FD433 /* 99ballons */ = {
			isa = PBXNativeTarget;
			buildConfigurationList = DED1DD481AB0ABE8002FD433 /* Build configuration list for PBXNativeTarget "99ballons" */;
			buildPhases = (
				DED1DD251AB0ABE8002FD433 /* Sources */,
				DED1DD261AB0ABE8002FD433 /* Frameworks */,
				DED1DD271AB0ABE8002FD433 /* Resources */,
			);
			buildRules = (
			);
			dependencies = (
			);
			name = 99ballons;
			productName = 99ballons;
			productReference = DED1DD291AB0ABE8002FD433 /* 99ballons.app */;
			productType = "com.apple.product-type.application";
		};
		DED1DD3D1AB0ABE8002FD433 /* 99ballonsTests */ = {
			isa = PBXNativeTarget;
			buildConfigurationList = DED1DD4B1AB0ABE8002FD433 /* Build configuration list for PBXNativeTarget "99ballonsTests" */;
			buildPhases = (
				DED1DD3A1AB0ABE8002FD433 /* Sources */,
				DED1DD3B1AB0ABE8002FD433 /* Frameworks */,
				DED1DD3C1AB0ABE8002FD433 /* Resources */,
			);
			buildRules = (
			);
			dependencies = (
				DED1DD401AB0ABE8002FD433 /* PBXTargetDependency */,
			);
			name = 99ballonsTests;
			productName = 99ballonsTests;
			productReference = DED1DD3E1AB0ABE8002FD433 /* 99ballonsTests.xctest */;
			productType = "com.apple.product-type.bundle.unit-test";
		};
/* End PBXNativeTarget section */

/* Begin PBXProject section */
		DED1DD211AB0ABE8002FD433 /* Project object */ = {
			isa = PBXProject;
			attributes = {
				LastUpgradeCheck = 0610;
				ORGANIZATIONNAME = "terry atkins";
				TargetAttributes = {
					DED1DD281AB0ABE8002FD433 = {
						CreatedOnToolsVersion = 6.1.1;
					};
					DED1DD3D1AB0ABE8002FD433 = {
						CreatedOnToolsVersion = 6.1.1;
						TestTargetID = DED1DD281AB0ABE8002FD433;
					};
				};
			};
			buildConfigurationList = DED1DD241AB0ABE8002FD433 /* Build configuration list for PBXProject "99ballons" */;
			compatibilityVersion = "Xcode 3.2";
			developmentRegion = English;
			hasScannedForEncodings = 0;
			knownRegions = (
				en,
				Base,
			);
			mainGroup = DED1DD201AB0ABE8002FD433;
			productRefGroup = DED1DD2A1AB0ABE8002FD433 /* Products */;
			projectDirPath = "";
			projectRoot = "";
			targets = (
				DED1DD281AB0ABE8002FD433 /* 99ballons */,
				DED1DD3D1AB0ABE8002FD433 /* 99ballonsTests */,
			);
		};
/* End PBXProject section */

/* Begin PBXResourcesBuildPhase section */
		DED1DD271AB0ABE8002FD433 /* Resources */ = {
			isa = PBXResourcesBuildPhase;
			buildActionMask = 2147483647;
			files = (
				DED1DD341AB0ABE8002FD433 /* Main.storyboard in Resources */,
				DED1DD391AB0ABE8002FD433 /* LaunchScreen.xib in Resources */,
				DED1DD361AB0ABE8002FD433 /* Images.xcassets in Resources */,
			);
			runOnlyForDeploymentPostprocessing = 0;
		};
		DED1DD3C1AB0ABE8002FD433 /* Resources */ = {
			isa = PBXResourcesBuildPhase;
			buildActionMask = 2147483647;
			files = (
			);
			runOnlyForDeploymentPostprocessing = 0;
		};
/* End PBXResourcesBuildPhase section */

/* Begin PBXSourcesBuildPhase section */
		DED1DD251AB0ABE8002FD433 /* Sources */ = {
			isa = PBXSourcesBuildPhase;
			buildActionMask = 2147483647;
			files = (
				DED1DD311AB0ABE8002FD433 /* ViewController.swift in Sources */,
				DED1DD2F1AB0ABE8002FD433 /* AppDelegate.swift in Sources */,
			);
			runOnlyForDeploymentPostprocessing = 0;
		};
		DED1DD3A1AB0ABE8002FD433 /* Sources */ = {
			isa = PBXSourcesBuildPhase;
			buildActionMask = 2147483647;
			files = (
				DED1DD451AB0ABE8002FD433 /* _9ballonsTests.swift in Sources */,
			);
			runOnlyForDeploymentPostprocessing = 0;
		};
/* End PBXSourcesBuildPhase section */

/* Begin PBXTargetDependency section */
		DED1DD401AB0ABE8002FD433 /* PBXTargetDependency */ = {
			isa = PBXTargetDependency;
			target = DED1DD281AB0ABE8002FD433 /* 99ballons */;
			targetProxy = DED1DD3F1AB0ABE8002FD433 /* PBXContainerItemProxy */;
		};
/* End PBXTargetDependency section */

/* Begin PBXVariantGroup section */
		DED1DD321AB0ABE8002FD433 /* Main.storyboard */ = {
			isa = PBXVariantGroup;
			children = (
				DED1DD331AB0ABE8002FD433 /* Base */,
			);
			name = Main.storyboard;
			sourceTree = "<group>";
		};
		DED1DD371AB0ABE8002FD433 /* LaunchScreen.xib */ = {
			isa = PBXVariantGroup;
			children = (
				DED1DD381AB0ABE8002FD433 /* Base */,
			);
			name = LaunchScreen.xib;
			sourceTree = "<group>";
		};
/* End PBXVariantGroup section */

/* Begin XCBuildConfiguration section */
		DED1DD461AB0ABE8002FD433 /* Debug */ = {
			isa = XCBuildConfiguration;
			buildSettings = {
				ALWAYS_SEARCH_USER_PATHS = NO;
				CLANG_CXX_LANGUAGE_STANDARD = "gnu++0x";
				CLANG_CXX_LIBRARY = "libc++";
				CLANG_ENABLE_MODULES = YES;
				CLANG_ENABLE_OBJC_ARC = YES;
				CLANG_WARN_BOOL_CONVERSION = YES;
				CLANG_WARN_CONSTANT_CONVERSION = YES;
				CLANG_WARN_DIRECT_OBJC_ISA_USAGE = YES_ERROR;
				CLANG_WARN_EMPTY_BODY = YES;
				CLANG_WARN_ENUM_CONVERSION = YES;
				CLANG_WARN_INT_CONVERSION = YES;
				CLANG_WARN_OBJC_ROOT_CLASS = YES_ERROR;
				CLANG_WARN_UNREACHABLE_CODE = YES;
				CLANG_WARN__DUPLICATE_METHOD_MATCH = YES;
				"CODE_SIGN_IDENTITY[sdk=iphoneos*]" = "iPhone Developer";
				COPY_PHASE_STRIP = NO;
				ENABLE_STRICT_OBJC_MSGSEND = YES;
				GCC_C_LANGUAGE_STANDARD = gnu99;
				GCC_DYNAMIC_NO_PIC = NO;
				GCC_OPTIMIZATION_LEVEL = 0;
				GCC_PREPROCESSOR_DEFINITIONS = (
					"DEBUG=1",
					"$(inherited)",
				);
				GCC_SYMBOLS_PRIVATE_EXTERN = NO;
				GCC_WARN_64_TO_32_BIT_CONVERSION = YES;
				GCC_WARN_ABOUT_RETURN_TYPE = YES_ERROR;
				GCC_WARN_UNDECLARED_SELECTOR = YES;
				GCC_WARN_UNINITIALIZED_AUTOS = YES_AGGRESSIVE;
				GCC_WARN_UNUSED_FUNCTION = YES;
				GCC_WARN_UNUSED_VARIABLE = YES;
				IPHONEOS_DEPLOYMENT_TARGET = 8.1;
				MTL_ENABLE_DEBUG_INFO = YES;
				ONLY_ACTIVE_ARCH = YES;
				SDKROOT = iphoneos;
				SWIFT_OPTIMIZATION_LEVEL = "-Onone";
			};
			name = Debug;
		};
		DED1DD471AB0ABE8002FD433 /* Release */ = {
			isa = XCBuildConfiguration;
			buildSettings = {
				ALWAYS_SEARCH_USER_PATHS = NO;
				CLANG_CXX_LANGUAGE_STANDARD = "gnu++0x";
				CLANG_CXX_LIBRARY = "libc++";
				CLANG_ENABLE_MODULES = YES;
				CLANG_ENABLE_OBJC_ARC = YES;
				CLANG_WARN_BOOL_CONVERSION = YES;
				CLANG_WARN_CONSTANT_CONVERSION = YES;
				CLANG_WARN_DIRECT_OBJC_ISA_USAGE = YES_ERROR;
				CLANG_WARN_EMPTY_BODY = YES;
				CLANG_WARN_ENUM_CONVERSION = YES;
				CLANG_WARN_INT_CONVERSION = YES;
				CLANG_WARN_OBJC_ROOT_CLASS = YES_ERROR;
				CLANG_WARN_UNREACHABLE_CODE = YES;
				CLANG_WARN__DUPLICATE_METHOD_MATCH = YES;
				"CODE_SIGN_IDENTITY[sdk=iphoneos*]" = "iPhone Developer";
				COPY_PHASE_STRIP = YES;
				ENABLE_NS_ASSERTIONS = NO;
				ENABLE_STRICT_OBJC_MSGSEND = YES;
				GCC_C_LANGUAGE_STANDARD = gnu99;
				GCC_WARN_64_TO_32_BIT_CONVERSION = YES;
				GCC_WARN_ABOUT_RETURN_TYPE = YES_ERROR;
				GCC_WARN_UNDECLARED_SELECTOR = YES;
				GCC_WARN_UNINITIALIZED_AUTOS = YES_AGGRESSIVE;
				GCC_WARN_UNUSED_FUNCTION = YES;
				GCC_WARN_UNUSED_VARIABLE = YES;
				IPHONEOS_DEPLOYMENT_TARGET = 8.1;
				MTL_ENABLE_DEBUG_INFO = NO;
				SDKROOT = iphoneos;
				VALIDATE_PRODUCT = YES;
			};
			name = Release;
		};
		DED1DD491AB0ABE8002FD433 /* Debug */ = {
			isa = XCBuildConfiguration;
			buildSettings = {
				ASSETCATALOG_COMPILER_APPICON_NAME = AppIcon;
				INFOPLIST_FILE = 99ballons/Info.plist;
				LD_RUNPATH_SEARCH_PATHS = "$(inherited) @executable_path/Frameworks";
				PRODUCT_NAME = "$(TARGET_NAME)";
			};
			name = Debug;
		};
		DED1DD4A1AB0ABE8002FD433 /* Release */ = {
			isa = XCBuildConfiguration;
			buildSettings = {
				ASSETCATALOG_COMPILER_APPICON_NAME = AppIcon;
				INFOPLIST_FILE = 99ballons/Info.plist;
				LD_RUNPATH_SEARCH_PATHS = "$(inherited) @executable_path/Frameworks";
				PRODUCT_NAME = "$(TARGET_NAME)";
			};
			name = Release;
		};
		DED1DD4C1AB0ABE8002FD433 /* Debug */ = {
			isa = XCBuildConfiguration;
			buildSettings = {
				BUNDLE_LOADER = "$(TEST_HOST)";
				FRAMEWORK_SEARCH_PATHS = (
					"$(SDKROOT)/Developer/Library/Frameworks",
					"$(inherited)",
				);
				GCC_PREPROCESSOR_DEFINITIONS = (
					"DEBUG=1",
					"$(inherited)",
				);
				INFOPLIST_FILE = 99ballonsTests/Info.plist;
				LD_RUNPATH_SEARCH_PATHS = "$(inherited) @executable_path/Frameworks @loader_path/Frameworks";
				PRODUCT_NAME = "$(TARGET_NAME)";
				TEST_HOST = "$(BUILT_PRODUCTS_DIR)/99ballons.app/99ballons";
			};
			name = Debug;
		};
		DED1DD4D1AB0ABE8002FD433 /* Release */ = {
			isa = XCBuildConfiguration;
			buildSettings = {
				BUNDLE_LOADER = "$(TEST_HOST)";
				FRAMEWORK_SEARCH_PATHS = (
					"$(SDKROOT)/Developer/Library/Frameworks",
					"$(inherited)",
				);
				INFOPLIST_FILE = 99ballonsTests/Info.plist;
				LD_RUNPATH_SEARCH_PATHS = "$(inherited) @executable_path/Frameworks @loader_path/Frameworks";
				PRODUCT_NAME = "$(TARGET_NAME)";
				TEST_HOST = "$(BUILT_PRODUCTS_DIR)/99ballons.app/99ballons";
			};
			name = Release;
		};
/* End XCBuildConfiguration section */

/* Begin XCConfigurationList section */
		DED1DD241AB0ABE8002FD433 /* Build configuration list for PBXProject "99ballons" */ = {
			isa = XCConfigurationList;
			buildConfigurations = (
				DED1DD461AB0ABE8002FD433 /* Debug */,
				DED1DD471AB0ABE8002FD433 /* Release */,
			);
			defaultConfigurationIsVisible = 0;
			defaultConfigurationName = Release;
		};
		DED1DD481AB0ABE8002FD433 /* Build configuration list for PBXNativeTarget "99ballons" */ = {
			isa = XCConfigurationList;
			buildConfigurations = (
				DED1DD491AB0ABE8002FD433 /* Debug */,
				DED1DD4A1AB0ABE8002FD433 /* Release */,
			);
			defaultConfigurationIsVisible = 0;
		};
		DED1DD4B1AB0ABE8002FD433 /* Build configuration list for PBXNativeTarget "99ballonsTests" */ = {
			isa = XCConfigurationList;
			buildConfigurations = (
				DED1DD4C1AB0ABE8002FD433 /* Debug */,
				DED1DD4D1AB0ABE8002FD433 /* Release */,
			);
			defaultConfigurationIsVisible = 0;
		};
/* End XCConfigurationList section */
	};
	rootObject = DED1DD211AB0ABE8002FD433 /* Project object */;
}
